{
  "name": "asyncify-wasm",
  "version": "1.0.0",
  "lockfileVersion": 1,
  "requires": true,
  "dependencies": {
    "binaryen": {
      "version": "89.0.0",
      "resolved": "https://registry.npmjs.org/binaryen/-/binaryen-89.0.0.tgz",
      "integrity": "sha512-yvTTdiCzWUQb3NHcdpiyhQOTUpTw8l+YcjvDQ1+R4e2jr3VQspMScoQitOTPC6mftXkEP67x5S14kCApNX/X1Q==",
      "dev": true
    }
  }
}
